
Microsoft Visual Studio Solution File, Format Version 12.00
# Visual Studio Version 17
VisualStudioVersion = 17.9.34728.123
MinimumVisualStudioVersion = 10.0.40219.1
Project("{FAE04EC0-301F-11D3-BF4B-00C04F79EFBC}") = "APISolution", "APISolution.csproj", "{C427E331-3ADC-4FCE-9B59-3BB9E877962B}"
EndProject
Project("{9A19103F-16F7-4668-BE54-9A1E7A4F7556}") = "Amazon.Pay.API.SDK", "..\amazon-pay-api-sdk-dotnet-master\amazon-pay-api-sdk-dotnet-master\Amazon.Pay.API.SDK\Amazon.Pay.API.SDK.csproj", "{5353010A-4AFD-4BFE-9C6E-7BDD49F828CE}"
EndProject
Global
	GlobalSection(SolutionConfigurationPlatforms) = preSolution
		Debug|Any CPU = Debug|Any CPU
		Release|Any CPU = Release|Any CPU
	EndGlobalSection
	GlobalSection(ProjectConfigurationPlatforms) = postSolution
		{C427E331-3ADC-4FCE-9B59-3BB9E877962B}.Debug|Any CPU.ActiveCfg = Debug|Any CPU
		{C427E331-3ADC-4FCE-9B59-3BB9E877962B}.Debug|Any CPU.Build.0 = Debug|Any CPU
		{C427E331-3ADC-4FCE-9B59-3BB9E877962B}.Release|Any CPU.ActiveCfg = Release|Any CPU
		{C427E331-3ADC-4FCE-9B59-3BB9E877962B}.Release|Any CPU.Build.0 = Release|Any CPU
		{5353010A-4AFD-4BFE-9C6E-7BDD49F828CE}.Debug|Any CPU.ActiveCfg = Debug|Any CPU
		{5353010A-4AFD-4BFE-9C6E-7BDD49F828CE}.Debug|Any CPU.Build.0 = Debug|Any CPU
		{5353010A-4AFD-4BFE-9C6E-7BDD49F828CE}.Release|Any CPU.ActiveCfg = Release|Any CPU
		{5353010A-4AFD-4BFE-9C6E-7BDD49F828CE}.Release|Any CPU.Build.0 = Release|Any CPU
	EndGlobalSection
	GlobalSection(SolutionProperties) = preSolution
		HideSolutionNode = FALSE
	EndGlobalSection
	GlobalSection(ExtensibilityGlobals) = postSolution
		SolutionGuid = {30A0891B-80C4-468B-AB1E-5E21D88A80DA}
	EndGlobalSection
EndGlobal
